
Microsoft Visual Studio Solution File, Format Version 12.00
# Visual Studio Version 16
VisualStudioVersion = 16.0.30717.126
MinimumVisualStudioVersion = 10.0.40219.1
Project("{FAE04EC0-301F-11D3-BF4B-00C04F79EFBC}") = "Day 1", "Day 1.csproj", "{4E3F1C5C-566C-44DF-B6E0-EA76D5A97594}"
EndProject
Global
	GlobalSection(SolutionConfigurationPlatforms) = preSolution
		Debug|Any CPU = Debug|Any CPU
		Release|Any CPU = Release|Any CPU
	EndGlobalSection
	GlobalSection(ProjectConfigurationPlatforms) = postSolution
		{4E3F1C5C-566C-44DF-B6E0-EA76D5A97594}.Debug|Any CPU.ActiveCfg = Debug|Any CPU
		{4E3F1C5C-566C-44DF-B6E0-EA76D5A97594}.Debug|Any CPU.Build.0 = Debug|Any CPU
		{4E3F1C5C-566C-44DF-B6E0-EA76D5A97594}.Release|Any CPU.ActiveCfg = Release|Any CPU
		{4E3F1C5C-566C-44DF-B6E0-EA76D5A97594}.Release|Any CPU.Build.0 = Release|Any CPU
	EndGlobalSection
	GlobalSection(SolutionProperties) = preSolution
		HideSolutionNode = FALSE
	EndGlobalSection
	GlobalSection(ExtensibilityGlobals) = postSolution
		SolutionGuid = {33CF49B7-EB4A-4EBB-9B95-8B8C5B6DA3FF}
	EndGlobalSection
EndGlobal
