
Microsoft Visual Studio Solution File, Format Version 12.00
# Visual Studio Version 16
VisualStudioVersion = 16.0.30717.126
MinimumVisualStudioVersion = 10.0.40219.1
Project("{FAE04EC0-301F-11D3-BF4B-00C04F79EFBC}") = "Day3", "Day3.csproj", "{7F8304AB-6E0B-41AD-8169-C78B665ABCB2}"
EndProject
Global
	GlobalSection(SolutionConfigurationPlatforms) = preSolution
		Debug|Any CPU = Debug|Any CPU
		Release|Any CPU = Release|Any CPU
	EndGlobalSection
	GlobalSection(ProjectConfigurationPlatforms) = postSolution
		{7F8304AB-6E0B-41AD-8169-C78B665ABCB2}.Debug|Any CPU.ActiveCfg = Debug|Any CPU
		{7F8304AB-6E0B-41AD-8169-C78B665ABCB2}.Debug|Any CPU.Build.0 = Debug|Any CPU
		{7F8304AB-6E0B-41AD-8169-C78B665ABCB2}.Release|Any CPU.ActiveCfg = Release|Any CPU
		{7F8304AB-6E0B-41AD-8169-C78B665ABCB2}.Release|Any CPU.Build.0 = Release|Any CPU
	EndGlobalSection
	GlobalSection(SolutionProperties) = preSolution
		HideSolutionNode = FALSE
	EndGlobalSection
	GlobalSection(ExtensibilityGlobals) = postSolution
		SolutionGuid = {459358D6-79F0-466A-86BD-17EAE62F5794}
	EndGlobalSection
EndGlobal
